
Microsoft Visual Studio Solution File, Format Version 12.00
# Visual Studio Version 17
VisualStudioVersion = 17.10.35013.160
MinimumVisualStudioVersion = 10.0.40219.1
Project("{9A19103F-16F7-4668-BE54-9A1E7A4F7556}") = "C#PracticeProgram", "C#PracticeProgram\C#PracticeProgram.csproj", "{BDF17D66-2055-486D-8853-5CB21CECF9BE}"
EndProject
Project("{2150E333-8FDC-42A3-9474-1A3956D46DE8}") = "Array", "Array", "{A59EAF30-99DF-46E6-BF0C-9ACCC7F627C9}"
EndProject
Project("{2150E333-8FDC-42A3-9474-1A3956D46DE8}") = "String", "String", "{4E50F801-8D24-4216-9672-D27679B5AB25}"
EndProject
Project("{2150E333-8FDC-42A3-9474-1A3956D46DE8}") = "Collections", "Collections", "{8DD098BC-8F57-4FAD-9C9F-75D059278590}"
EndProject
Project("{2150E333-8FDC-42A3-9474-1A3956D46DE8}") = "ExceptionHandling", "ExceptionHandling", "{F6C6C4D4-2994-4673-BCB8-3C4FEDB696AC}"
EndProject
Project("{2150E333-8FDC-42A3-9474-1A3956D46DE8}") = "AsynchronosPrograming", "AsynchronosPrograming", "{B75C8604-4704-4C0A-9590-8409DEB6AD9F}"
EndProject
Project("{2150E333-8FDC-42A3-9474-1A3956D46DE8}") = "Mutithreading", "Mutithreading", "{B645E6EA-A492-45E7-95E4-F6A1A74D8639}"
EndProject
Project("{2150E333-8FDC-42A3-9474-1A3956D46DE8}") = "Delegates", "Delegates", "{33085D43-FB92-49EE-A429-0A5E706861FA}"
EndProject
Project("{2150E333-8FDC-42A3-9474-1A3956D46DE8}") = "OPPs", "OPPs", "{E85EB7B7-2178-4A2D-9986-462B0B7AA8AA}"
EndProject
Project("{2150E333-8FDC-42A3-9474-1A3956D46DE8}") = "PracticeProgramforInterview", "PracticeProgramforInterview", "{F31AA463-3E6B-4E5C-B3F3-9961276C6F3A}"
EndProject
Project("{2150E333-8FDC-42A3-9474-1A3956D46DE8}") = "Pattern", "Pattern", "{9A2B7D78-3FA7-470E-9891-083C8BF57897}"
EndProject
Project("{2150E333-8FDC-42A3-9474-1A3956D46DE8}") = "DatatypeBasicAll", "DatatypeBasicAll", "{BE6392DF-6FD4-4328-AF89-DA2474953232}"
EndProject
Project("{2150E333-8FDC-42A3-9474-1A3956D46DE8}") = "InputOutput", "InputOutput", "{2656B6D2-876F-4CAA-8764-829DA2813ACB}"
EndProject
Project("{2150E333-8FDC-42A3-9474-1A3956D46DE8}") = "KeywordsUses", "KeywordsUses", "{EF0CEDAC-1526-482D-A37A-4C695F023C69}"
EndProject
Project("{9A19103F-16F7-4668-BE54-9A1E7A4F7556}") = "InputOutputPractice", "InputOutputPractice\InputOutputPractice.csproj", "{EEE5EC44-82B7-4376-868A-4E10D731E9D4}"
EndProject
Project("{9A19103F-16F7-4668-BE54-9A1E7A4F7556}") = "Keywords", "Keywords\Keywords.csproj", "{884B6C51-EC77-4742-8C22-5D35EB27B270}"
EndProject
Project("{2150E333-8FDC-42A3-9474-1A3956D46DE8}") = "LINQ", "LINQ", "{2327F535-37E8-4BCF-B3FE-AD9E995BFC77}"
EndProject
Project("{2150E333-8FDC-42A3-9474-1A3956D46DE8}") = "ControlStatment", "ControlStatment", "{138233DD-45FA-466F-8CC8-3AFACBDD6B70}"
EndProject
Project("{9A19103F-16F7-4668-BE54-9A1E7A4F7556}") = "ControlStatments", "ControlStatments\ControlStatments.csproj", "{1B932A0C-601B-4C90-B4E1-B6600323F7DD}"
EndProject
Project("{2150E333-8FDC-42A3-9474-1A3956D46DE8}") = "Matrix", "Matrix", "{F25AEB66-E6CB-4531-9358-D183902CD928}"
EndProject
Project("{9A19103F-16F7-4668-BE54-9A1E7A4F7556}") = "MatrixProgram", "MatrixProgram\MatrixProgram.csproj", "{8B1F7DAE-9851-40B5-B2D4-D0DB1AC23BB6}"
EndProject
Project("{9A19103F-16F7-4668-BE54-9A1E7A4F7556}") = "Abstractions", "Abstractions\Abstractions.csproj", "{7DE32EE7-8198-43F6-A59B-4B29264A166B}"
EndProject
Project("{9A19103F-16F7-4668-BE54-9A1E7A4F7556}") = "Incapsulations", "Incapsulations\Incapsulations.csproj", "{255C77E7-E183-4BD3-BE9E-264A33CA4A7F}"
EndProject
Project("{9A19103F-16F7-4668-BE54-9A1E7A4F7556}") = "Polymorphism", "Polymorphism\Polymorphism.csproj", "{2C77596F-201F-4D90-81C6-4A19B34F93CE}"
EndProject
Project("{9A19103F-16F7-4668-BE54-9A1E7A4F7556}") = "Inheritance", "Inheritance\Inheritance.csproj", "{169AA488-1190-42D4-95A8-27D5981979F1}"
EndProject
Project("{9A19103F-16F7-4668-BE54-9A1E7A4F7556}") = "FactoryPattern", "FactoryPattern\FactoryPattern.csproj", "{2DF2E400-64F7-4200-9941-E53430AE6337}"
EndProject
Project("{9A19103F-16F7-4668-BE54-9A1E7A4F7556}") = "SingletonPattern", "SingletonPattern\SingletonPattern.csproj", "{95E57AF2-2975-4ECE-89D9-F4D3ABE0A874}"
EndProject
Project("{9A19103F-16F7-4668-BE54-9A1E7A4F7556}") = "SolidPrinciple", "SolidPrinciple\SolidPrinciple.csproj", "{BD566355-7D4B-495A-9714-AE8A8931D8DE}"
EndProject
Project("{9A19103F-16F7-4668-BE54-9A1E7A4F7556}") = "Arrays", "Arrays\Arrays.csproj", "{70551019-958F-4C7E-92E8-0863B525388E}"
EndProject
Project("{FAE04EC0-301F-11D3-BF4B-00C04F79EFBC}") = "InterviewPrograms", "InterviewPrograms\InterviewPrograms.csproj", "{F8987EBC-7873-4637-B2CA-0B26ECCAA8EE}"
EndProject
Global
	GlobalSection(SolutionConfigurationPlatforms) = preSolution
		Debug|Any CPU = Debug|Any CPU
		Release|Any CPU = Release|Any CPU
	EndGlobalSection
	GlobalSection(ProjectConfigurationPlatforms) = postSolution
		{BDF17D66-2055-486D-8853-5CB21CECF9BE}.Debug|Any CPU.ActiveCfg = Debug|Any CPU
		{BDF17D66-2055-486D-8853-5CB21CECF9BE}.Debug|Any CPU.Build.0 = Debug|Any CPU
		{BDF17D66-2055-486D-8853-5CB21CECF9BE}.Release|Any CPU.ActiveCfg = Release|Any CPU
		{BDF17D66-2055-486D-8853-5CB21CECF9BE}.Release|Any CPU.Build.0 = Release|Any CPU
		{EEE5EC44-82B7-4376-868A-4E10D731E9D4}.Debug|Any CPU.ActiveCfg = Debug|Any CPU
		{EEE5EC44-82B7-4376-868A-4E10D731E9D4}.Debug|Any CPU.Build.0 = Debug|Any CPU
		{EEE5EC44-82B7-4376-868A-4E10D731E9D4}.Release|Any CPU.ActiveCfg = Release|Any CPU
		{EEE5EC44-82B7-4376-868A-4E10D731E9D4}.Release|Any CPU.Build.0 = Release|Any CPU
		{884B6C51-EC77-4742-8C22-5D35EB27B270}.Debug|Any CPU.ActiveCfg = Debug|Any CPU
		{884B6C51-EC77-4742-8C22-5D35EB27B270}.Debug|Any CPU.Build.0 = Debug|Any CPU
		{884B6C51-EC77-4742-8C22-5D35EB27B270}.Release|Any CPU.ActiveCfg = Release|Any CPU
		{884B6C51-EC77-4742-8C22-5D35EB27B270}.Release|Any CPU.Build.0 = Release|Any CPU
		{1B932A0C-601B-4C90-B4E1-B6600323F7DD}.Debug|Any CPU.ActiveCfg = Debug|Any CPU
		{1B932A0C-601B-4C90-B4E1-B6600323F7DD}.Debug|Any CPU.Build.0 = Debug|Any CPU
		{1B932A0C-601B-4C90-B4E1-B6600323F7DD}.Release|Any CPU.ActiveCfg = Release|Any CPU
		{1B932A0C-601B-4C90-B4E1-B6600323F7DD}.Release|Any CPU.Build.0 = Release|Any CPU
		{8B1F7DAE-9851-40B5-B2D4-D0DB1AC23BB6}.Debug|Any CPU.ActiveCfg = Debug|Any CPU
		{8B1F7DAE-9851-40B5-B2D4-D0DB1AC23BB6}.Debug|Any CPU.Build.0 = Debug|Any CPU
		{8B1F7DAE-9851-40B5-B2D4-D0DB1AC23BB6}.Release|Any CPU.ActiveCfg = Release|Any CPU
		{8B1F7DAE-9851-40B5-B2D4-D0DB1AC23BB6}.Release|Any CPU.Build.0 = Release|Any CPU
		{7DE32EE7-8198-43F6-A59B-4B29264A166B}.Debug|Any CPU.ActiveCfg = Debug|Any CPU
		{7DE32EE7-8198-43F6-A59B-4B29264A166B}.Debug|Any CPU.Build.0 = Debug|Any CPU
		{7DE32EE7-8198-43F6-A59B-4B29264A166B}.Release|Any CPU.ActiveCfg = Release|Any CPU
		{7DE32EE7-8198-43F6-A59B-4B29264A166B}.Release|Any CPU.Build.0 = Release|Any CPU
		{255C77E7-E183-4BD3-BE9E-264A33CA4A7F}.Debug|Any CPU.ActiveCfg = Debug|Any CPU
		{255C77E7-E183-4BD3-BE9E-264A33CA4A7F}.Debug|Any CPU.Build.0 = Debug|Any CPU
		{255C77E7-E183-4BD3-BE9E-264A33CA4A7F}.Release|Any CPU.ActiveCfg = Release|Any CPU
		{255C77E7-E183-4BD3-BE9E-264A33CA4A7F}.Release|Any CPU.Build.0 = Release|Any CPU
		{2C77596F-201F-4D90-81C6-4A19B34F93CE}.Debug|Any CPU.ActiveCfg = Debug|Any CPU
		{2C77596F-201F-4D90-81C6-4A19B34F93CE}.Debug|Any CPU.Build.0 = Debug|Any CPU
		{2C77596F-201F-4D90-81C6-4A19B34F93CE}.Release|Any CPU.ActiveCfg = Release|Any CPU
		{2C77596F-201F-4D90-81C6-4A19B34F93CE}.Release|Any CPU.Build.0 = Release|Any CPU
		{169AA488-1190-42D4-95A8-27D5981979F1}.Debug|Any CPU.ActiveCfg = Debug|Any CPU
		{169AA488-1190-42D4-95A8-27D5981979F1}.Debug|Any CPU.Build.0 = Debug|Any CPU
		{169AA488-1190-42D4-95A8-27D5981979F1}.Release|Any CPU.ActiveCfg = Release|Any CPU
		{169AA488-1190-42D4-95A8-27D5981979F1}.Release|Any CPU.Build.0 = Release|Any CPU
		{2DF2E400-64F7-4200-9941-E53430AE6337}.Debug|Any CPU.ActiveCfg = Debug|Any CPU
		{2DF2E400-64F7-4200-9941-E53430AE6337}.Debug|Any CPU.Build.0 = Debug|Any CPU
		{2DF2E400-64F7-4200-9941-E53430AE6337}.Release|Any CPU.ActiveCfg = Release|Any CPU
		{2DF2E400-64F7-4200-9941-E53430AE6337}.Release|Any CPU.Build.0 = Release|Any CPU
		{95E57AF2-2975-4ECE-89D9-F4D3ABE0A874}.Debug|Any CPU.ActiveCfg = Debug|Any CPU
		{95E57AF2-2975-4ECE-89D9-F4D3ABE0A874}.Debug|Any CPU.Build.0 = Debug|Any CPU
		{95E57AF2-2975-4ECE-89D9-F4D3ABE0A874}.Release|Any CPU.ActiveCfg = Release|Any CPU
		{95E57AF2-2975-4ECE-89D9-F4D3ABE0A874}.Release|Any CPU.Build.0 = Release|Any CPU
		{BD566355-7D4B-495A-9714-AE8A8931D8DE}.Debug|Any CPU.ActiveCfg = Debug|Any CPU
		{BD566355-7D4B-495A-9714-AE8A8931D8DE}.Debug|Any CPU.Build.0 = Debug|Any CPU
		{BD566355-7D4B-495A-9714-AE8A8931D8DE}.Release|Any CPU.ActiveCfg = Release|Any CPU
		{BD566355-7D4B-495A-9714-AE8A8931D8DE}.Release|Any CPU.Build.0 = Release|Any CPU
		{70551019-958F-4C7E-92E8-0863B525388E}.Debug|Any CPU.ActiveCfg = Debug|Any CPU
		{70551019-958F-4C7E-92E8-0863B525388E}.Debug|Any CPU.Build.0 = Debug|Any CPU
		{70551019-958F-4C7E-92E8-0863B525388E}.Release|Any CPU.ActiveCfg = Release|Any CPU
		{70551019-958F-4C7E-92E8-0863B525388E}.Release|Any CPU.Build.0 = Release|Any CPU
		{F8987EBC-7873-4637-B2CA-0B26ECCAA8EE}.Debug|Any CPU.ActiveCfg = Debug|Any CPU
		{F8987EBC-7873-4637-B2CA-0B26ECCAA8EE}.Debug|Any CPU.Build.0 = Debug|Any CPU
		{F8987EBC-7873-4637-B2CA-0B26ECCAA8EE}.Release|Any CPU.ActiveCfg = Release|Any CPU
		{F8987EBC-7873-4637-B2CA-0B26ECCAA8EE}.Release|Any CPU.Build.0 = Release|Any CPU
	EndGlobalSection
	GlobalSection(SolutionProperties) = preSolution
		HideSolutionNode = FALSE
	EndGlobalSection
	GlobalSection(NestedProjects) = preSolution
		{EEE5EC44-82B7-4376-868A-4E10D731E9D4} = {2656B6D2-876F-4CAA-8764-829DA2813ACB}
		{884B6C51-EC77-4742-8C22-5D35EB27B270} = {EF0CEDAC-1526-482D-A37A-4C695F023C69}
		{1B932A0C-601B-4C90-B4E1-B6600323F7DD} = {138233DD-45FA-466F-8CC8-3AFACBDD6B70}
		{8B1F7DAE-9851-40B5-B2D4-D0DB1AC23BB6} = {F25AEB66-E6CB-4531-9358-D183902CD928}
		{7DE32EE7-8198-43F6-A59B-4B29264A166B} = {E85EB7B7-2178-4A2D-9986-462B0B7AA8AA}
		{255C77E7-E183-4BD3-BE9E-264A33CA4A7F} = {E85EB7B7-2178-4A2D-9986-462B0B7AA8AA}
		{2C77596F-201F-4D90-81C6-4A19B34F93CE} = {E85EB7B7-2178-4A2D-9986-462B0B7AA8AA}
		{169AA488-1190-42D4-95A8-27D5981979F1} = {E85EB7B7-2178-4A2D-9986-462B0B7AA8AA}
		{2DF2E400-64F7-4200-9941-E53430AE6337} = {9A2B7D78-3FA7-470E-9891-083C8BF57897}
		{95E57AF2-2975-4ECE-89D9-F4D3ABE0A874} = {9A2B7D78-3FA7-470E-9891-083C8BF57897}
		{BD566355-7D4B-495A-9714-AE8A8931D8DE} = {9A2B7D78-3FA7-470E-9891-083C8BF57897}
		{70551019-958F-4C7E-92E8-0863B525388E} = {A59EAF30-99DF-46E6-BF0C-9ACCC7F627C9}
		{F8987EBC-7873-4637-B2CA-0B26ECCAA8EE} = {F31AA463-3E6B-4E5C-B3F3-9961276C6F3A}
	EndGlobalSection
	GlobalSection(ExtensibilityGlobals) = postSolution
		SolutionGuid = {EEA2A774-8FC2-4758-99D4-CCD091BC999A}
	EndGlobalSection
EndGlobal
